
Microsoft Visual Studio Solution File, Format Version 12.00
# Visual Studio 15
VisualStudioVersion = 15.0.26730.10
MinimumVisualStudioVersion = 10.0.40219.1
Project("{FAE04EC0-301F-11D3-BF4B-00C04F79EFBC}") = "Extension Module", "Extension Module\Extension Module.csproj", "{1CCAE0C9-73B9-4FBE-BB19-788E08E44D18}"
EndProject
Project("{D954291E-2A0B-460D-934E-DC6B0785DB48}") = "ModuleTemplate", "IModule\ModuleTemplate.shproj", "{B6F1B068-9DCD-4F50-A478-F8ED8A8AAB3C}"
EndProject
Project("{FAE04EC0-301F-11D3-BF4B-00C04F79EFBC}") = "Module Handler", "ModuleHandler\Module Handler.csproj", "{8AC7C9AF-BE96-4930-9376-E18BD6F7508A}"
EndProject
Global
	GlobalSection(SharedMSBuildProjectFiles) = preSolution
		IModule\IModule.projitems*{1ccae0c9-73b9-4fbe-bb19-788e08e44d18}*SharedItemsImports = 4
		IModule\IModule.projitems*{8ac7c9af-be96-4930-9376-e18bd6f7508a}*SharedItemsImports = 4
		IModule\IModule.projitems*{b6f1b068-9dcd-4f50-a478-f8ed8a8aab3c}*SharedItemsImports = 13
	EndGlobalSection
	GlobalSection(SolutionConfigurationPlatforms) = preSolution
		Debug|Any CPU = Debug|Any CPU
		Release|Any CPU = Release|Any CPU
	EndGlobalSection
	GlobalSection(ProjectConfigurationPlatforms) = postSolution
		{1CCAE0C9-73B9-4FBE-BB19-788E08E44D18}.Debug|Any CPU.ActiveCfg = Debug|Any CPU
		{1CCAE0C9-73B9-4FBE-BB19-788E08E44D18}.Debug|Any CPU.Build.0 = Debug|Any CPU
		{1CCAE0C9-73B9-4FBE-BB19-788E08E44D18}.Release|Any CPU.ActiveCfg = Release|Any CPU
		{1CCAE0C9-73B9-4FBE-BB19-788E08E44D18}.Release|Any CPU.Build.0 = Release|Any CPU
		{8AC7C9AF-BE96-4930-9376-E18BD6F7508A}.Debug|Any CPU.ActiveCfg = Debug|Any CPU
		{8AC7C9AF-BE96-4930-9376-E18BD6F7508A}.Debug|Any CPU.Build.0 = Debug|Any CPU
		{8AC7C9AF-BE96-4930-9376-E18BD6F7508A}.Release|Any CPU.ActiveCfg = Release|Any CPU
		{8AC7C9AF-BE96-4930-9376-E18BD6F7508A}.Release|Any CPU.Build.0 = Release|Any CPU
	EndGlobalSection
	GlobalSection(SolutionProperties) = preSolution
		HideSolutionNode = FALSE
	EndGlobalSection
	GlobalSection(ExtensibilityGlobals) = postSolution
		SolutionGuid = {7360D1E4-E2CC-43CA-BFBC-F0D0953540B6}
	EndGlobalSection
EndGlobal
